
Microsoft Visual Studio Solution File, Format Version 11.00
# Visual Studio 2010
Project("{FAE04EC0-301F-11D3-BF4B-00C04F79EFBC}") = "LoveLetterVR", "Assembly-CSharp.csproj", "{320119D3-E556-87B5-C59F-4600888E9539}"
EndProject
Project("{FAE04EC0-301F-11D3-BF4B-00C04F79EFBC}") = "LoveLetterVR", "Assembly-CSharp-Editor.csproj", "{DE7AF3B0-80ED-C291-276D-C6A69F717541}"
EndProject
Global
	GlobalSection(SolutionConfigurationPlatforms) = preSolution
		Debug|Any CPU = Debug|Any CPU
		Release|Any CPU = Release|Any CPU
	EndGlobalSection
	GlobalSection(ProjectConfigurationPlatforms) = postSolution
		{320119D3-E556-87B5-C59F-4600888E9539}.Debug|Any CPU.ActiveCfg = Debug|Any CPU
		{320119D3-E556-87B5-C59F-4600888E9539}.Debug|Any CPU.Build.0 = Debug|Any CPU
		{320119D3-E556-87B5-C59F-4600888E9539}.Release|Any CPU.ActiveCfg = Release|Any CPU
		{320119D3-E556-87B5-C59F-4600888E9539}.Release|Any CPU.Build.0 = Release|Any CPU
		{DE7AF3B0-80ED-C291-276D-C6A69F717541}.Debug|Any CPU.ActiveCfg = Debug|Any CPU
		{DE7AF3B0-80ED-C291-276D-C6A69F717541}.Debug|Any CPU.Build.0 = Debug|Any CPU
		{DE7AF3B0-80ED-C291-276D-C6A69F717541}.Release|Any CPU.ActiveCfg = Release|Any CPU
		{DE7AF3B0-80ED-C291-276D-C6A69F717541}.Release|Any CPU.Build.0 = Release|Any CPU
	EndGlobalSection
	GlobalSection(SolutionProperties) = preSolution
		HideSolutionNode = FALSE
	EndGlobalSection
	GlobalSection(MonoDevelopProperties) = preSolution
		StartupItem = Assembly-CSharp.csproj
	EndGlobalSection
EndGlobal
